
Microsoft Visual Studio Solution File, Format Version 12.00
# Visual Studio 15
VisualStudioVersion = 15.0.26403.0
MinimumVisualStudioVersion = 10.0.40219.1
Project("{FAE04EC0-301F-11D3-BF4B-00C04F79EFBC}") = "DesignPatterns", "DesignPatterns\DesignPatterns.csproj", "{2DDE168C-7D67-42D3-9A86-57AB447C3688}"
EndProject
Project("{FAE04EC0-301F-11D3-BF4B-00C04F79EFBC}") = "Singleton", "Singleton\Singleton.csproj", "{1D5F7FFD-6C79-41E6-B247-F60413226CA7}"
EndProject
Project("{FAE04EC0-301F-11D3-BF4B-00C04F79EFBC}") = "Builder", "Builder\Builder.csproj", "{CC4DBB90-F384-41B8-A4D8-F7D048209786}"
EndProject
Global
	GlobalSection(SolutionConfigurationPlatforms) = preSolution
		Debug|Any CPU = Debug|Any CPU
		Release|Any CPU = Release|Any CPU
	EndGlobalSection
	GlobalSection(ProjectConfigurationPlatforms) = postSolution
		{2DDE168C-7D67-42D3-9A86-57AB447C3688}.Debug|Any CPU.ActiveCfg = Debug|Any CPU
		{2DDE168C-7D67-42D3-9A86-57AB447C3688}.Debug|Any CPU.Build.0 = Debug|Any CPU
		{2DDE168C-7D67-42D3-9A86-57AB447C3688}.Release|Any CPU.ActiveCfg = Release|Any CPU
		{2DDE168C-7D67-42D3-9A86-57AB447C3688}.Release|Any CPU.Build.0 = Release|Any CPU
		{1D5F7FFD-6C79-41E6-B247-F60413226CA7}.Debug|Any CPU.ActiveCfg = Debug|Any CPU
		{1D5F7FFD-6C79-41E6-B247-F60413226CA7}.Debug|Any CPU.Build.0 = Debug|Any CPU
		{1D5F7FFD-6C79-41E6-B247-F60413226CA7}.Release|Any CPU.ActiveCfg = Release|Any CPU
		{1D5F7FFD-6C79-41E6-B247-F60413226CA7}.Release|Any CPU.Build.0 = Release|Any CPU
		{CC4DBB90-F384-41B8-A4D8-F7D048209786}.Debug|Any CPU.ActiveCfg = Debug|Any CPU
		{CC4DBB90-F384-41B8-A4D8-F7D048209786}.Debug|Any CPU.Build.0 = Debug|Any CPU
		{CC4DBB90-F384-41B8-A4D8-F7D048209786}.Release|Any CPU.ActiveCfg = Release|Any CPU
		{CC4DBB90-F384-41B8-A4D8-F7D048209786}.Release|Any CPU.Build.0 = Release|Any CPU
	EndGlobalSection
	GlobalSection(SolutionProperties) = preSolution
		HideSolutionNode = FALSE
	EndGlobalSection
EndGlobal
